// !$*UTF8*$!
{
	archiveVersion = 1;
	classes = {
	};
	objectVersion = 45;
	objects = {

/* Begin PBXBuildFile section */
		1D3623260D0F684500981E51 /* ChipmuckTutorialAppDelegate.m in Sources */ = {isa = PBXBuildFile; fileRef = 1D3623250D0F684500981E51 /* ChipmuckTutorialAppDelegate.m */; };
		1D60589B0D05DD56006BFB54 /* main.m in Sources */ = {isa = PBXBuildFile; fileRef = 29B97316FDCFA39411CA2CEA /* main.m */; };
		1D60589F0D05DD5A006BFB54 /* Foundation.framework in Frameworks */ = {isa = PBXBuildFile; fileRef = 1D30AB110D05D00D00671497 /* Foundation.framework */; };
		1DF5F4E00D08C38300B7A737 /* UIKit.framework in Frameworks */ = {isa = PBXBuildFile; fileRef = 1DF5F4DF0D08C38300B7A737 /* UIKit.framework */; };
		288765A50DF7441C002DB57D /* CoreGraphics.framework in Frameworks */ = {isa = PBXBuildFile; fileRef = 288765A40DF7441C002DB57D /* CoreGraphics.framework */; };
		2899E5220DE3E06400AC0155 /* ChipmuckTutorialViewController.xib in Resources */ = {isa = PBXBuildFile; fileRef = 2899E5210DE3E06400AC0155 /* ChipmuckTutorialViewController.xib */; };
		28AD733F0D9D9553002E5188 /* MainWindow.xib in Resources */ = {isa = PBXBuildFile; fileRef = 28AD733E0D9D9553002E5188 /* MainWindow.xib */; };
		28D7ACF80DDB3853001CB0EB /* ChipmuckTutorialViewController.m in Sources */ = {isa = PBXBuildFile; fileRef = 28D7ACF70DDB3853001CB0EB /* ChipmuckTutorialViewController.m */; };
		AC4835D10FA62AD5007F9FB9 /* chipmunk.c in Sources */ = {isa = PBXBuildFile; fileRef = AC4835B50FA62AD5007F9FB9 /* chipmunk.c */; };
		AC4835D20FA62AD5007F9FB9 /* CMakeLists.txt in Resources */ = {isa = PBXBuildFile; fileRef = AC4835B70FA62AD5007F9FB9 /* CMakeLists.txt */; };
		AC4835D30FA62AD5007F9FB9 /* cpArbiter.c in Sources */ = {isa = PBXBuildFile; fileRef = AC4835B80FA62AD5007F9FB9 /* cpArbiter.c */; };
		AC4835D40FA62AD5007F9FB9 /* cpArray.c in Sources */ = {isa = PBXBuildFile; fileRef = AC4835BA0FA62AD5007F9FB9 /* cpArray.c */; };
		AC4835D50FA62AD5007F9FB9 /* cpBB.c in Sources */ = {isa = PBXBuildFile; fileRef = AC4835BC0FA62AD5007F9FB9 /* cpBB.c */; };
		AC4835D60FA62AD5007F9FB9 /* cpBody.c in Sources */ = {isa = PBXBuildFile; fileRef = AC4835BE0FA62AD5007F9FB9 /* cpBody.c */; };
		AC4835D70FA62AD5007F9FB9 /* cpCollision.c in Sources */ = {isa = PBXBuildFile; fileRef = AC4835C00FA62AD5007F9FB9 /* cpCollision.c */; };
		AC4835D80FA62AD5007F9FB9 /* cpHashSet.c in Sources */ = {isa = PBXBuildFile; fileRef = AC4835C20FA62AD5007F9FB9 /* cpHashSet.c */; };
		AC4835D90FA62AD5007F9FB9 /* cpJoint.c in Sources */ = {isa = PBXBuildFile; fileRef = AC4835C40FA62AD5007F9FB9 /* cpJoint.c */; };
		AC4835DA0FA62AD5007F9FB9 /* cpPolyShape.c in Sources */ = {isa = PBXBuildFile; fileRef = AC4835C60FA62AD5007F9FB9 /* cpPolyShape.c */; };
		AC4835DB0FA62AD5007F9FB9 /* cpShape.c in Sources */ = {isa = PBXBuildFile; fileRef = AC4835C80FA62AD5007F9FB9 /* cpShape.c */; };
		AC4835DC0FA62AD5007F9FB9 /* cpSpace.c in Sources */ = {isa = PBXBuildFile; fileRef = AC4835CA0FA62AD5007F9FB9 /* cpSpace.c */; };
		AC4835DD0FA62AD5007F9FB9 /* cpSpaceHash.c in Sources */ = {isa = PBXBuildFile; fileRef = AC4835CC0FA62AD5007F9FB9 /* cpSpaceHash.c */; };
		AC4835DE0FA62AD5007F9FB9 /* cpVect.c in Sources */ = {isa = PBXBuildFile; fileRef = AC4835CE0FA62AD5007F9FB9 /* cpVect.c */; };
		AC4835EB0FA63232007F9FB9 /* ball.png in Resources */ = {isa = PBXBuildFile; fileRef = AC4835E90FA63232007F9FB9 /* ball.png */; };
		AC4835EC0FA63232007F9FB9 /* floor.png in Resources */ = {isa = PBXBuildFile; fileRef = AC4835EA0FA63232007F9FB9 /* floor.png */; };
/* End PBXBuildFile section */

/* Begin PBXFileReference section */
		1D30AB110D05D00D00671497 /* Foundation.framework */ = {isa = PBXFileReference; lastKnownFileType = wrapper.framework; name = Foundation.framework; path = System/Library/Frameworks/Foundation.framework; sourceTree = SDKROOT; };
		1D3623240D0F684500981E51 /* ChipmuckTutorialAppDelegate.h */ = {isa = PBXFileReference; fileEncoding = 4; lastKnownFileType = sourcecode.c.h; path = ChipmuckTutorialAppDelegate.h; sourceTree = "<group>"; };
		1D3623250D0F684500981E51 /* ChipmuckTutorialAppDelegate.m */ = {isa = PBXFileReference; fileEncoding = 4; lastKnownFileType = sourcecode.c.objc; path = ChipmuckTutorialAppDelegate.m; sourceTree = "<group>"; };
		1D6058910D05DD3D006BFB54 /* ChipmuckTutorial.app */ = {isa = PBXFileReference; explicitFileType = wrapper.application; includeInIndex = 0; path = ChipmuckTutorial.app; sourceTree = BUILT_PRODUCTS_DIR; };
		1DF5F4DF0D08C38300B7A737 /* UIKit.framework */ = {isa = PBXFileReference; lastKnownFileType = wrapper.framework; name = UIKit.framework; path = System/Library/Frameworks/UIKit.framework; sourceTree = SDKROOT; };
		288765A40DF7441C002DB57D /* CoreGraphics.framework */ = {isa = PBXFileReference; lastKnownFileType = wrapper.framework; name = CoreGraphics.framework; path = System/Library/Frameworks/CoreGraphics.framework; sourceTree = SDKROOT; };
		2899E5210DE3E06400AC0155 /* ChipmuckTutorialViewController.xib */ = {isa = PBXFileReference; lastKnownFileType = file.xib; path = ChipmuckTutorialViewController.xib; sourceTree = "<group>"; };
		28AD733E0D9D9553002E5188 /* MainWindow.xib */ = {isa = PBXFileReference; lastKnownFileType = file.xib; path = MainWindow.xib; sourceTree = "<group>"; };
		28D7ACF60DDB3853001CB0EB /* ChipmuckTutorialViewController.h */ = {isa = PBXFileReference; fileEncoding = 4; lastKnownFileType = sourcecode.c.h; path = ChipmuckTutorialViewController.h; sourceTree = "<group>"; };
		28D7ACF70DDB3853001CB0EB /* ChipmuckTutorialViewController.m */ = {isa = PBXFileReference; fileEncoding = 4; lastKnownFileType = sourcecode.c.objc; path = ChipmuckTutorialViewController.m; sourceTree = "<group>"; };
		29B97316FDCFA39411CA2CEA /* main.m */ = {isa = PBXFileReference; fileEncoding = 4; lastKnownFileType = sourcecode.c.objc; path = main.m; sourceTree = "<group>"; };
		32CA4F630368D1EE00C91783 /* ChipmuckTutorial_Prefix.pch */ = {isa = PBXFileReference; fileEncoding = 4; lastKnownFileType = sourcecode.c.h; path = ChipmuckTutorial_Prefix.pch; sourceTree = "<group>"; };
		8D1107310486CEB800E47090 /* Info.plist */ = {isa = PBXFileReference; fileEncoding = 4; lastKnownFileType = text.plist.xml; path = Info.plist; sourceTree = "<group>"; };
		AC4835B50FA62AD5007F9FB9 /* chipmunk.c */ = {isa = PBXFileReference; fileEncoding = 4; lastKnownFileType = sourcecode.c.c; path = chipmunk.c; sourceTree = "<group>"; };
		AC4835B60FA62AD5007F9FB9 /* chipmunk.h */ = {isa = PBXFileReference; fileEncoding = 4; lastKnownFileType = sourcecode.c.h; path = chipmunk.h; sourceTree = "<group>"; };
		AC4835B70FA62AD5007F9FB9 /* CMakeLists.txt */ = {isa = PBXFileReference; fileEncoding = 4; lastKnownFileType = text; path = CMakeLists.txt; sourceTree = "<group>"; };
		AC4835B80FA62AD5007F9FB9 /* cpArbiter.c */ = {isa = PBXFileReference; fileEncoding = 4; lastKnownFileType = sourcecode.c.c; path = cpArbiter.c; sourceTree = "<group>"; };
		AC4835B90FA62AD5007F9FB9 /* cpArbiter.h */ = {isa = PBXFileReference; fileEncoding = 4; lastKnownFileType = sourcecode.c.h; path = cpArbiter.h; sourceTree = "<group>"; };
		AC4835BA0FA62AD5007F9FB9 /* cpArray.c */ = {isa = PBXFileReference; fileEncoding = 4; lastKnownFileType = sourcecode.c.c; path = cpArray.c; sourceTree = "<group>"; };
		AC4835BB0FA62AD5007F9FB9 /* cpArray.h */ = {isa = PBXFileReference; fileEncoding = 4; lastKnownFileType = sourcecode.c.h; path = cpArray.h; sourceTree = "<group>"; };
		AC4835BC0FA62AD5007F9FB9 /* cpBB.c */ = {isa = PBXFileReference; fileEncoding = 4; lastKnownFileType = sourcecode.c.c; path = cpBB.c; sourceTree = "<group>"; };
		AC4835BD0FA62AD5007F9FB9 /* cpBB.h */ = {isa = PBXFileReference; fileEncoding = 4; lastKnownFileType = sourcecode.c.h; path = cpBB.h; sourceTree = "<group>"; };
		AC4835BE0FA62AD5007F9FB9 /* cpBody.c */ = {isa = PBXFileReference; fileEncoding = 4; lastKnownFileType = sourcecode.c.c; path = cpBody.c; sourceTree = "<group>"; };
		AC4835BF0FA62AD5007F9FB9 /* cpBody.h */ = {isa = PBXFileReference; fileEncoding = 4; lastKnownFileType = sourcecode.c.h; path = cpBody.h; sourceTree = "<group>"; };
		AC4835C00FA62AD5007F9FB9 /* cpCollision.c */ = {isa = PBXFileReference; fileEncoding = 4; lastKnownFileType = sourcecode.c.c; path = cpCollision.c; sourceTree = "<group>"; };
		AC4835C10FA62AD5007F9FB9 /* cpCollision.h */ = {isa = PBXFileReference; fileEncoding = 4; lastKnownFileType = sourcecode.c.h; path = cpCollision.h; sourceTree = "<group>"; };
		AC4835C20FA62AD5007F9FB9 /* cpHashSet.c */ = {isa = PBXFileReference; fileEncoding = 4; lastKnownFileType = sourcecode.c.c; path = cpHashSet.c; sourceTree = "<group>"; };
		AC4835C30FA62AD5007F9FB9 /* cpHashSet.h */ = {isa = PBXFileReference; fileEncoding = 4; lastKnownFileType = sourcecode.c.h; path = cpHashSet.h; sourceTree = "<group>"; };
		AC4835C40FA62AD5007F9FB9 /* cpJoint.c */ = {isa = PBXFileReference; fileEncoding = 4; lastKnownFileType = sourcecode.c.c; path = cpJoint.c; sourceTree = "<group>"; };
		AC4835C50FA62AD5007F9FB9 /* cpJoint.h */ = {isa = PBXFileReference; fileEncoding = 4; lastKnownFileType = sourcecode.c.h; path = cpJoint.h; sourceTree = "<group>"; };
		AC4835C60FA62AD5007F9FB9 /* cpPolyShape.c */ = {isa = PBXFileReference; fileEncoding = 4; lastKnownFileType = sourcecode.c.c; path = cpPolyShape.c; sourceTree = "<group>"; };
		AC4835C70FA62AD5007F9FB9 /* cpPolyShape.h */ = {isa = PBXFileReference; fileEncoding = 4; lastKnownFileType = sourcecode.c.h; path = cpPolyShape.h; sourceTree = "<group>"; };
		AC4835C80FA62AD5007F9FB9 /* cpShape.c */ = {isa = PBXFileReference; fileEncoding = 4; lastKnownFileType = sourcecode.c.c; path = cpShape.c; sourceTree = "<group>"; };
		AC4835C90FA62AD5007F9FB9 /* cpShape.h */ = {isa = PBXFileReference; fileEncoding = 4; lastKnownFileType = sourcecode.c.h; path = cpShape.h; sourceTree = "<group>"; };
		AC4835CA0FA62AD5007F9FB9 /* cpSpace.c */ = {isa = PBXFileReference; fileEncoding = 4; lastKnownFileType = sourcecode.c.c; path = cpSpace.c; sourceTree = "<group>"; };
		AC4835CB0FA62AD5007F9FB9 /* cpSpace.h */ = {isa = PBXFileReference; fileEncoding = 4; lastKnownFileType = sourcecode.c.h; path = cpSpace.h; sourceTree = "<group>"; };
		AC4835CC0FA62AD5007F9FB9 /* cpSpaceHash.c */ = {isa = PBXFileReference; fileEncoding = 4; lastKnownFileType = sourcecode.c.c; path = cpSpaceHash.c; sourceTree = "<group>"; };
		AC4835CD0FA62AD5007F9FB9 /* cpSpaceHash.h */ = {isa = PBXFileReference; fileEncoding = 4; lastKnownFileType = sourcecode.c.h; path = cpSpaceHash.h; sourceTree = "<group>"; };
		AC4835CE0FA62AD5007F9FB9 /* cpVect.c */ = {isa = PBXFileReference; fileEncoding = 4; lastKnownFileType = sourcecode.c.c; path = cpVect.c; sourceTree = "<group>"; };
		AC4835CF0FA62AD5007F9FB9 /* cpVect.h */ = {isa = PBXFileReference; fileEncoding = 4; lastKnownFileType = sourcecode.c.h; path = cpVect.h; sourceTree = "<group>"; };
		AC4835D00FA62AD5007F9FB9 /* prime.h */ = {isa = PBXFileReference; fileEncoding = 4; lastKnownFileType = sourcecode.c.h; path = prime.h; sourceTree = "<group>"; };
		AC4835E90FA63232007F9FB9 /* ball.png */ = {isa = PBXFileReference; lastKnownFileType = image.png; path = ball.png; sourceTree = "<group>"; };
		AC4835EA0FA63232007F9FB9 /* floor.png */ = {isa = PBXFileReference; lastKnownFileType = image.png; path = floor.png; sourceTree = "<group>"; };
/* End PBXFileReference section */

/* Begin PBXFrameworksBuildPhase section */
		1D60588F0D05DD3D006BFB54 /* Frameworks */ = {
			isa = PBXFrameworksBuildPhase;
			buildActionMask = 2147483647;
			files = (
				1D60589F0D05DD5A006BFB54 /* Foundation.framework in Frameworks */,
				1DF5F4E00D08C38300B7A737 /* UIKit.framework in Frameworks */,
				288765A50DF7441C002DB57D /* CoreGraphics.framework in Frameworks */,
			);
			runOnlyForDeploymentPostprocessing = 0;
		};
/* End PBXFrameworksBuildPhase section */

/* Begin PBXGroup section */
		080E96DDFE201D6D7F000001 /* Classes */ = {
			isa = PBXGroup;
			children = (
				1D3623240D0F684500981E51 /* ChipmuckTutorialAppDelegate.h */,
				1D3623250D0F684500981E51 /* ChipmuckTutorialAppDelegate.m */,
				28D7ACF60DDB3853001CB0EB /* ChipmuckTutorialViewController.h */,
				28D7ACF70DDB3853001CB0EB /* ChipmuckTutorialViewController.m */,
			);
			path = Classes;
			sourceTree = "<group>";
		};
		19C28FACFE9D520D11CA2CBB /* Products */ = {
			isa = PBXGroup;
			children = (
				1D6058910D05DD3D006BFB54 /* ChipmuckTutorial.app */,
			);
			name = Products;
			sourceTree = "<group>";
		};
		29B97314FDCFA39411CA2CEA /* CustomTemplate */ = {
			isa = PBXGroup;
			children = (
				080E96DDFE201D6D7F000001 /* Classes */,
				29B97315FDCFA39411CA2CEA /* Other Sources */,
				29B97317FDCFA39411CA2CEA /* Resources */,
				29B97323FDCFA39411CA2CEA /* Frameworks */,
				19C28FACFE9D520D11CA2CBB /* Products */,
			);
			name = CustomTemplate;
			sourceTree = "<group>";
		};
		29B97315FDCFA39411CA2CEA /* Other Sources */ = {
			isa = PBXGroup;
			children = (
				AC4835880FA629B3007F9FB9 /* chipmuck */,
				32CA4F630368D1EE00C91783 /* ChipmuckTutorial_Prefix.pch */,
				29B97316FDCFA39411CA2CEA /* main.m */,
			);
			name = "Other Sources";
			sourceTree = "<group>";
		};
		29B97317FDCFA39411CA2CEA /* Resources */ = {
			isa = PBXGroup;
			children = (
				AC4835E90FA63232007F9FB9 /* ball.png */,
				AC4835EA0FA63232007F9FB9 /* floor.png */,
				2899E5210DE3E06400AC0155 /* ChipmuckTutorialViewController.xib */,
				28AD733E0D9D9553002E5188 /* MainWindow.xib */,
				8D1107310486CEB800E47090 /* Info.plist */,
			);
			name = Resources;
			sourceTree = "<group>";
		};
		29B97323FDCFA39411CA2CEA /* Frameworks */ = {
			isa = PBXGroup;
			children = (
				1DF5F4DF0D08C38300B7A737 /* UIKit.framework */,
				1D30AB110D05D00D00671497 /* Foundation.framework */,
				288765A40DF7441C002DB57D /* CoreGraphics.framework */,
			);
			name = Frameworks;
			sourceTree = "<group>";
		};
		AC4835880FA629B3007F9FB9 /* chipmuck */ = {
			isa = PBXGroup;
			children = (
				AC4835B50FA62AD5007F9FB9 /* chipmunk.c */,
				AC4835B60FA62AD5007F9FB9 /* chipmunk.h */,
				AC4835B70FA62AD5007F9FB9 /* CMakeLists.txt */,
				AC4835B80FA62AD5007F9FB9 /* cpArbiter.c */,
				AC4835B90FA62AD5007F9FB9 /* cpArbiter.h */,
				AC4835BA0FA62AD5007F9FB9 /* cpArray.c */,
				AC4835BB0FA62AD5007F9FB9 /* cpArray.h */,
				AC4835BC0FA62AD5007F9FB9 /* cpBB.c */,
				AC4835BD0FA62AD5007F9FB9 /* cpBB.h */,
				AC4835BE0FA62AD5007F9FB9 /* cpBody.c */,
				AC4835BF0FA62AD5007F9FB9 /* cpBody.h */,
				AC4835C00FA62AD5007F9FB9 /* cpCollision.c */,
				AC4835C10FA62AD5007F9FB9 /* cpCollision.h */,
				AC4835C20FA62AD5007F9FB9 /* cpHashSet.c */,
				AC4835C30FA62AD5007F9FB9 /* cpHashSet.h */,
				AC4835C40FA62AD5007F9FB9 /* cpJoint.c */,
				AC4835C50FA62AD5007F9FB9 /* cpJoint.h */,
				AC4835C60FA62AD5007F9FB9 /* cpPolyShape.c */,
				AC4835C70FA62AD5007F9FB9 /* cpPolyShape.h */,
				AC4835C80FA62AD5007F9FB9 /* cpShape.c */,
				AC4835C90FA62AD5007F9FB9 /* cpShape.h */,
				AC4835CA0FA62AD5007F9FB9 /* cpSpace.c */,
				AC4835CB0FA62AD5007F9FB9 /* cpSpace.h */,
				AC4835CC0FA62AD5007F9FB9 /* cpSpaceHash.c */,
				AC4835CD0FA62AD5007F9FB9 /* cpSpaceHash.h */,
				AC4835CE0FA62AD5007F9FB9 /* cpVect.c */,
				AC4835CF0FA62AD5007F9FB9 /* cpVect.h */,
				AC4835D00FA62AD5007F9FB9 /* prime.h */,
			);
			name = chipmuck;
			sourceTree = "<group>";
		};
/* End PBXGroup section */

/* Begin PBXNativeTarget section */
		1D6058900D05DD3D006BFB54 /* ChipmuckTutorial */ = {
			isa = PBXNativeTarget;
			buildConfigurationList = 1D6058960D05DD3E006BFB54 /* Build configuration list for PBXNativeTarget "ChipmuckTutorial" */;
			buildPhases = (
				1D60588D0D05DD3D006BFB54 /* Resources */,
				1D60588E0D05DD3D006BFB54 /* Sources */,
				1D60588F0D05DD3D006BFB54 /* Frameworks */,
			);
			buildRules = (
			);
			dependencies = (
			);
			name = ChipmuckTutorial;
			productName = ChipmuckTutorial;
			productReference = 1D6058910D05DD3D006BFB54 /* ChipmuckTutorial.app */;
			productType = "com.apple.product-type.application";
		};
/* End PBXNativeTarget section */

/* Begin PBXProject section */
		29B97313FDCFA39411CA2CEA /* Project object */ = {
			isa = PBXProject;
			buildConfigurationList = C01FCF4E08A954540054247B /* Build configuration list for PBXProject "ChipmuckTutorial" */;
			compatibilityVersion = "Xcode 3.1";
			developmentRegion = English;
			hasScannedForEncodings = 1;
			knownRegions = (
				English,
				Japanese,
				French,
				German,
			);
			mainGroup = 29B97314FDCFA39411CA2CEA /* CustomTemplate */;
			projectDirPath = "";
			projectRoot = "";
			targets = (
				1D6058900D05DD3D006BFB54 /* ChipmuckTutorial */,
			);
		};
/* End PBXProject section */

/* Begin PBXResourcesBuildPhase section */
		1D60588D0D05DD3D006BFB54 /* Resources */ = {
			isa = PBXResourcesBuildPhase;
			buildActionMask = 2147483647;
			files = (
				28AD733F0D9D9553002E5188 /* MainWindow.xib in Resources */,
				2899E5220DE3E06400AC0155 /* ChipmuckTutorialViewController.xib in Resources */,
				AC4835D20FA62AD5007F9FB9 /* CMakeLists.txt in Resources */,
				AC4835EB0FA63232007F9FB9 /* ball.png in Resources */,
				AC4835EC0FA63232007F9FB9 /* floor.png in Resources */,
			);
			runOnlyForDeploymentPostprocessing = 0;
		};
/* End PBXResourcesBuildPhase section */

/* Begin PBXSourcesBuildPhase section */
		1D60588E0D05DD3D006BFB54 /* Sources */ = {
			isa = PBXSourcesBuildPhase;
			buildActionMask = 2147483647;
			files = (
				1D60589B0D05DD56006BFB54 /* main.m in Sources */,
				1D3623260D0F684500981E51 /* ChipmuckTutorialAppDelegate.m in Sources */,
				28D7ACF80DDB3853001CB0EB /* ChipmuckTutorialViewController.m in Sources */,
				AC4835D10FA62AD5007F9FB9 /* chipmunk.c in Sources */,
				AC4835D30FA62AD5007F9FB9 /* cpArbiter.c in Sources */,
				AC4835D40FA62AD5007F9FB9 /* cpArray.c in Sources */,
				AC4835D50FA62AD5007F9FB9 /* cpBB.c in Sources */,
				AC4835D60FA62AD5007F9FB9 /* cpBody.c in Sources */,
				AC4835D70FA62AD5007F9FB9 /* cpCollision.c in Sources */,
				AC4835D80FA62AD5007F9FB9 /* cpHashSet.c in Sources */,
				AC4835D90FA62AD5007F9FB9 /* cpJoint.c in Sources */,
				AC4835DA0FA62AD5007F9FB9 /* cpPolyShape.c in Sources */,
				AC4835DB0FA62AD5007F9FB9 /* cpShape.c in Sources */,
				AC4835DC0FA62AD5007F9FB9 /* cpSpace.c in Sources */,
				AC4835DD0FA62AD5007F9FB9 /* cpSpaceHash.c in Sources */,
				AC4835DE0FA62AD5007F9FB9 /* cpVect.c in Sources */,
			);
			runOnlyForDeploymentPostprocessing = 0;
		};
/* End PBXSourcesBuildPhase section */

/* Begin XCBuildConfiguration section */
		1D6058940D05DD3E006BFB54 /* Debug */ = {
			isa = XCBuildConfiguration;
			buildSettings = {
				ALWAYS_SEARCH_USER_PATHS = NO;
				COPY_PHASE_STRIP = NO;
				GCC_DYNAMIC_NO_PIC = NO;
				GCC_OPTIMIZATION_LEVEL = 0;
				GCC_PRECOMPILE_PREFIX_HEADER = YES;
				GCC_PREFIX_HEADER = ChipmuckTutorial_Prefix.pch;
				INFOPLIST_FILE = Info.plist;
				PRODUCT_NAME = ChipmuckTutorial;
			};
			name = Debug;
		};
		1D6058950D05DD3E006BFB54 /* Release */ = {
			isa = XCBuildConfiguration;
			buildSettings = {
				ALWAYS_SEARCH_USER_PATHS = NO;
				COPY_PHASE_STRIP = YES;
				GCC_PRECOMPILE_PREFIX_HEADER = YES;
				GCC_PREFIX_HEADER = ChipmuckTutorial_Prefix.pch;
				INFOPLIST_FILE = Info.plist;
				PRODUCT_NAME = ChipmuckTutorial;
			};
			name = Release;
		};
		C01FCF4F08A954540054247B /* Debug */ = {
			isa = XCBuildConfiguration;
			buildSettings = {
				ARCHS = "$(ARCHS_STANDARD_32_BIT)";
				"CODE_SIGN_IDENTITY[sdk=iphoneos*]" = "iPhone Developer";
				GCC_C_LANGUAGE_STANDARD = c99;
				GCC_WARN_ABOUT_RETURN_TYPE = YES;
				GCC_WARN_UNUSED_VARIABLE = YES;
				ONLY_ACTIVE_ARCH = YES;
				PREBINDING = NO;
				SDKROOT = iphoneos2.2.1;
			};
			name = Debug;
		};
		C01FCF5008A954540054247B /* Release */ = {
			isa = XCBuildConfiguration;
			buildSettings = {
				ARCHS = "$(ARCHS_STANDARD_32_BIT)";
				"CODE_SIGN_IDENTITY[sdk=iphoneos*]" = "iPhone Developer";
				GCC_C_LANGUAGE_STANDARD = c99;
				GCC_WARN_ABOUT_RETURN_TYPE = YES;
				GCC_WARN_UNUSED_VARIABLE = YES;
				PREBINDING = NO;
				SDKROOT = iphoneos2.2.1;
			};
			name = Release;
		};
/* End XCBuildConfiguration section */

/* Begin XCConfigurationList section */
		1D6058960D05DD3E006BFB54 /* Build configuration list for PBXNativeTarget "ChipmuckTutorial" */ = {
			isa = XCConfigurationList;
			buildConfigurations = (
				1D6058940D05DD3E006BFB54 /* Debug */,
				1D6058950D05DD3E006BFB54 /* Release */,
			);
			defaultConfigurationIsVisible = 0;
			defaultConfigurationName = Release;
		};
		C01FCF4E08A954540054247B /* Build configuration list for PBXProject "ChipmuckTutorial" */ = {
			isa = XCConfigurationList;
			buildConfigurations = (
				C01FCF4F08A954540054247B /* Debug */,
				C01FCF5008A954540054247B /* Release */,
			);
			defaultConfigurationIsVisible = 0;
			defaultConfigurationName = Release;
		};
/* End XCConfigurationList section */
	};
	rootObject = 29B97313FDCFA39411CA2CEA /* Project object */;
}
